// !$*UTF8*$!
{
	archiveVersion = 1;
	classes = {
	};
	objectVersion = 51;
	objects = {

/* Begin PBXBuildFile section */
		3063F99A24AFC1AD007D12B8 /* AppDelegate.swift in Sources */ = {isa = PBXBuildFile; fileRef = 3063F99924AFC1AD007D12B8 /* AppDelegate.swift */; };
		3063F99C24AFC1AD007D12B8 /* SceneDelegate.swift in Sources */ = {isa = PBXBuildFile; fileRef = 3063F99B24AFC1AD007D12B8 /* SceneDelegate.swift */; };
		3063F9A124AFC1AD007D12B8 /* Main.storyboard in Resources */ = {isa = PBXBuildFile; fileRef = 3063F99F24AFC1AD007D12B8 /* Main.storyboard */; };
		3063F9A324AFC1B0007D12B8 /* Assets.xcassets in Resources */ = {isa = PBXBuildFile; fileRef = 3063F9A224AFC1B0007D12B8 /* Assets.xcassets */; };
		3063F9A624AFC1B0007D12B8 /* LaunchScreen.storyboard in Resources */ = {isa = PBXBuildFile; fileRef = 3063F9A424AFC1B0007D12B8 /* LaunchScreen.storyboard */; };
		3089B16024B0A6FD00E86E80 /* SWRevealViewController.m in Sources */ = {isa = PBXBuildFile; fileRef = 3089B15F24B0A6FD00E86E80 /* SWRevealViewController.m */; };
		3089B16524B0AA0600E86E80 /* ChatVC.swift in Sources */ = {isa = PBXBuildFile; fileRef = 3089B16424B0AA0600E86E80 /* ChatVC.swift */; };
		3089B16724B0AA1600E86E80 /* ChannelVC.swift in Sources */ = {isa = PBXBuildFile; fileRef = 3089B16624B0AA1600E86E80 /* ChannelVC.swift */; };
		3089B16924B0BC6000E86E80 /* GradientRearView.swift in Sources */ = {isa = PBXBuildFile; fileRef = 3089B16824B0BC6000E86E80 /* GradientRearView.swift */; };
		3089B16C24B1F50D00E86E80 /* Constants.swift in Sources */ = {isa = PBXBuildFile; fileRef = 3089B16B24B1F50D00E86E80 /* Constants.swift */; };
		3089B37E24B1FB4000E86E80 /* LoginVC.swift in Sources */ = {isa = PBXBuildFile; fileRef = 3089B37D24B1FB4000E86E80 /* LoginVC.swift */; };
		3089B38024B1FDC500E86E80 /* CreateAccountVC.swift in Sources */ = {isa = PBXBuildFile; fileRef = 3089B37F24B1FDC500E86E80 /* CreateAccountVC.swift */; };
		E3A8F4CDDC2FDA3607173AB6 /* Pods_SmackChat.framework in Frameworks */ = {isa = PBXBuildFile; fileRef = 28158568E8911642B84BEFB6 /* Pods_SmackChat.framework */; };
/* End PBXBuildFile section */

/* Begin PBXFileReference section */
		272AEA3722B7705D772AC1EB /* Pods-SmackChat.debug.xcconfig */ = {isa = PBXFileReference; includeInIndex = 1; lastKnownFileType = text.xcconfig; name = "Pods-SmackChat.debug.xcconfig"; path = "Target Support Files/Pods-SmackChat/Pods-SmackChat.debug.xcconfig"; sourceTree = "<group>"; };
		28158568E8911642B84BEFB6 /* Pods_SmackChat.framework */ = {isa = PBXFileReference; explicitFileType = wrapper.framework; includeInIndex = 0; path = Pods_SmackChat.framework; sourceTree = BUILT_PRODUCTS_DIR; };
		3063F99624AFC1AD007D12B8 /* SmackChat.app */ = {isa = PBXFileReference; explicitFileType = wrapper.application; includeInIndex = 0; path = SmackChat.app; sourceTree = BUILT_PRODUCTS_DIR; };
		3063F99924AFC1AD007D12B8 /* AppDelegate.swift */ = {isa = PBXFileReference; lastKnownFileType = sourcecode.swift; path = AppDelegate.swift; sourceTree = "<group>"; };
		3063F99B24AFC1AD007D12B8 /* SceneDelegate.swift */ = {isa = PBXFileReference; lastKnownFileType = sourcecode.swift; path = SceneDelegate.swift; sourceTree = "<group>"; };
		3063F9A024AFC1AD007D12B8 /* Base */ = {isa = PBXFileReference; lastKnownFileType = file.storyboard; name = Base; path = Base.lproj/Main.storyboard; sourceTree = "<group>"; };
		3063F9A224AFC1B0007D12B8 /* Assets.xcassets */ = {isa = PBXFileReference; lastKnownFileType = folder.assetcatalog; path = Assets.xcassets; sourceTree = "<group>"; };
		3063F9A524AFC1B0007D12B8 /* Base */ = {isa = PBXFileReference; lastKnownFileType = file.storyboard; name = Base; path = Base.lproj/LaunchScreen.storyboard; sourceTree = "<group>"; };
		3063F9A724AFC1B0007D12B8 /* Info.plist */ = {isa = PBXFileReference; lastKnownFileType = text.plist.xml; path = Info.plist; sourceTree = "<group>"; };
		3089B15D24B0A6FC00E86E80 /* SmackChat-Bridging-Header.h */ = {isa = PBXFileReference; lastKnownFileType = sourcecode.c.h; path = "SmackChat-Bridging-Header.h"; sourceTree = "<group>"; };
		3089B15E24B0A6FC00E86E80 /* SWRevealViewController.h */ = {isa = PBXFileReference; fileEncoding = 4; lastKnownFileType = sourcecode.c.h; path = SWRevealViewController.h; sourceTree = "<group>"; };
		3089B15F24B0A6FD00E86E80 /* SWRevealViewController.m */ = {isa = PBXFileReference; fileEncoding = 4; lastKnownFileType = sourcecode.c.objc; path = SWRevealViewController.m; sourceTree = "<group>"; };
		3089B16424B0AA0600E86E80 /* ChatVC.swift */ = {isa = PBXFileReference; lastKnownFileType = sourcecode.swift; path = ChatVC.swift; sourceTree = "<group>"; };
		3089B16624B0AA1600E86E80 /* ChannelVC.swift */ = {isa = PBXFileReference; lastKnownFileType = sourcecode.swift; path = ChannelVC.swift; sourceTree = "<group>"; };
		3089B16824B0BC6000E86E80 /* GradientRearView.swift */ = {isa = PBXFileReference; lastKnownFileType = sourcecode.swift; path = GradientRearView.swift; sourceTree = "<group>"; };
		3089B16B24B1F50D00E86E80 /* Constants.swift */ = {isa = PBXFileReference; lastKnownFileType = sourcecode.swift; path = Constants.swift; sourceTree = "<group>"; };
		3089B37D24B1FB4000E86E80 /* LoginVC.swift */ = {isa = PBXFileReference; lastKnownFileType = sourcecode.swift; path = LoginVC.swift; sourceTree = "<group>"; };
		3089B37F24B1FDC500E86E80 /* CreateAccountVC.swift */ = {isa = PBXFileReference; lastKnownFileType = sourcecode.swift; path = CreateAccountVC.swift; sourceTree = "<group>"; };
		9587A6F9611A41F61E9A1A05 /* Pods-SmackChat.release.xcconfig */ = {isa = PBXFileReference; includeInIndex = 1; lastKnownFileType = text.xcconfig; name = "Pods-SmackChat.release.xcconfig"; path = "Target Support Files/Pods-SmackChat/Pods-SmackChat.release.xcconfig"; sourceTree = "<group>"; };
/* End PBXFileReference section */

/* Begin PBXFrameworksBuildPhase section */
		3063F99324AFC1AD007D12B8 /* Frameworks */ = {
			isa = PBXFrameworksBuildPhase;
			buildActionMask = 2147483647;
			files = (
				E3A8F4CDDC2FDA3607173AB6 /* Pods_SmackChat.framework in Frameworks */,
			);
			runOnlyForDeploymentPostprocessing = 0;
		};
/* End PBXFrameworksBuildPhase section */

/* Begin PBXGroup section */
		3063F98D24AFC1AD007D12B8 = {
			isa = PBXGroup;
			children = (
				3063F99824AFC1AD007D12B8 /* SmackChat */,
				3063F99724AFC1AD007D12B8 /* Products */,
				F0ED87AC58FE6B8B328B04F8 /* Pods */,
				522350FF0A94B3849CA19787 /* Frameworks */,
			);
			sourceTree = "<group>";
		};
		3063F99724AFC1AD007D12B8 /* Products */ = {
			isa = PBXGroup;
			children = (
				3063F99624AFC1AD007D12B8 /* SmackChat.app */,
			);
			name = Products;
			sourceTree = "<group>";
		};
		3063F99824AFC1AD007D12B8 /* SmackChat */ = {
			isa = PBXGroup;
			children = (
				3089B16A24B1F4FB00E86E80 /* CONSTANS */,
				3089B16324B0A9E300E86E80 /* Model */,
				3089B16224B0A9DD00E86E80 /* View */,
				3089B16124B0A9C800E86E80 /* Controller */,
				3089B15C24B0A6D300E86E80 /* Supporting Files */,
				3063F99924AFC1AD007D12B8 /* AppDelegate.swift */,
				3063F99B24AFC1AD007D12B8 /* SceneDelegate.swift */,
				3063F99F24AFC1AD007D12B8 /* Main.storyboard */,
				3063F9A224AFC1B0007D12B8 /* Assets.xcassets */,
				3063F9A424AFC1B0007D12B8 /* LaunchScreen.storyboard */,
				3063F9A724AFC1B0007D12B8 /* Info.plist */,
			);
			path = SmackChat;
			sourceTree = "<group>";
		};
		3089B15C24B0A6D300E86E80 /* Supporting Files */ = {
			isa = PBXGroup;
			children = (
				3089B15E24B0A6FC00E86E80 /* SWRevealViewController.h */,
				3089B15F24B0A6FD00E86E80 /* SWRevealViewController.m */,
				3089B15D24B0A6FC00E86E80 /* SmackChat-Bridging-Header.h */,
			);
			path = "Supporting Files";
			sourceTree = "<group>";
		};
		3089B16124B0A9C800E86E80 /* Controller */ = {
			isa = PBXGroup;
			children = (
				3089B16424B0AA0600E86E80 /* ChatVC.swift */,
				3089B16624B0AA1600E86E80 /* ChannelVC.swift */,
				3089B37D24B1FB4000E86E80 /* LoginVC.swift */,
				3089B37F24B1FDC500E86E80 /* CreateAccountVC.swift */,
			);
			path = Controller;
			sourceTree = "<group>";
		};
		3089B16224B0A9DD00E86E80 /* View */ = {
			isa = PBXGroup;
			children = (
				3089B16824B0BC6000E86E80 /* GradientRearView.swift */,
			);
			path = View;
			sourceTree = "<group>";
		};
		3089B16324B0A9E300E86E80 /* Model */ = {
			isa = PBXGroup;
			children = (
			);
			path = Model;
			sourceTree = "<group>";
		};
		3089B16A24B1F4FB00E86E80 /* CONSTANS */ = {
			isa = PBXGroup;
			children = (
				3089B16B24B1F50D00E86E80 /* Constants.swift */,
			);
			path = CONSTANS;
			sourceTree = "<group>";
		};
		522350FF0A94B3849CA19787 /* Frameworks */ = {
			isa = PBXGroup;
			children = (
				28158568E8911642B84BEFB6 /* Pods_SmackChat.framework */,
			);
			name = Frameworks;
			sourceTree = "<group>";
		};
		F0ED87AC58FE6B8B328B04F8 /* Pods */ = {
			isa = PBXGroup;
			children = (
				272AEA3722B7705D772AC1EB /* Pods-SmackChat.debug.xcconfig */,
				9587A6F9611A41F61E9A1A05 /* Pods-SmackChat.release.xcconfig */,
			);
			path = Pods;
			sourceTree = "<group>";
		};
/* End PBXGroup section */

/* Begin PBXNativeTarget section */
		3063F99524AFC1AD007D12B8 /* SmackChat */ = {
			isa = PBXNativeTarget;
			buildConfigurationList = 3063F9AA24AFC1B0007D12B8 /* Build configuration list for PBXNativeTarget "SmackChat" */;
			buildPhases = (
				658ADE9345DABF2F6DA6F934 /* [CP] Check Pods Manifest.lock */,
				3063F99224AFC1AD007D12B8 /* Sources */,
				3063F99324AFC1AD007D12B8 /* Frameworks */,
				3063F99424AFC1AD007D12B8 /* Resources */,
				61481D12AD66D3636F6318C9 /* [CP] Embed Pods Frameworks */,
			);
			buildRules = (
			);
			dependencies = (
			);
			name = SmackChat;
			productName = SmackChat;
			productReference = 3063F99624AFC1AD007D12B8 /* SmackChat.app */;
			productType = "com.apple.product-type.application";
		};
/* End PBXNativeTarget section */

/* Begin PBXProject section */
		3063F98E24AFC1AD007D12B8 /* Project object */ = {
			isa = PBXProject;
			attributes = {
				LastSwiftUpdateCheck = 1150;
				LastUpgradeCheck = 1150;
				ORGANIZATIONNAME = "Roman Tuzhilkin";
				TargetAttributes = {
					3063F99524AFC1AD007D12B8 = {
						CreatedOnToolsVersion = 11.5;
						LastSwiftMigration = 1150;
					};
				};
			};
			buildConfigurationList = 3063F99124AFC1AD007D12B8 /* Build configuration list for PBXProject "SmackChat" */;
			compatibilityVersion = "Xcode 9.3";
			developmentRegion = en;
			hasScannedForEncodings = 0;
			knownRegions = (
				en,
				Base,
			);
			mainGroup = 3063F98D24AFC1AD007D12B8;
			productRefGroup = 3063F99724AFC1AD007D12B8 /* Products */;
			projectDirPath = "";
			projectRoot = "";
			targets = (
				3063F99524AFC1AD007D12B8 /* SmackChat */,
			);
		};
/* End PBXProject section */

/* Begin PBXResourcesBuildPhase section */
		3063F99424AFC1AD007D12B8 /* Resources */ = {
			isa = PBXResourcesBuildPhase;
			buildActionMask = 2147483647;
			files = (
				3063F9A624AFC1B0007D12B8 /* LaunchScreen.storyboard in Resources */,
				3063F9A324AFC1B0007D12B8 /* Assets.xcassets in Resources */,
				3063F9A124AFC1AD007D12B8 /* Main.storyboard in Resources */,
			);
			runOnlyForDeploymentPostprocessing = 0;
		};
/* End PBXResourcesBuildPhase section */

/* Begin PBXShellScriptBuildPhase section */
		61481D12AD66D3636F6318C9 /* [CP] Embed Pods Frameworks */ = {
			isa = PBXShellScriptBuildPhase;
			buildActionMask = 2147483647;
			files = (
			);
			inputFileListPaths = (
				"${PODS_ROOT}/Target Support Files/Pods-SmackChat/Pods-SmackChat-frameworks-${CONFIGURATION}-input-files.xcfilelist",
			);
			name = "[CP] Embed Pods Frameworks";
			outputFileListPaths = (
				"${PODS_ROOT}/Target Support Files/Pods-SmackChat/Pods-SmackChat-frameworks-${CONFIGURATION}-output-files.xcfilelist",
			);
			runOnlyForDeploymentPostprocessing = 0;
			shellPath = /bin/sh;
			shellScript = "\"${PODS_ROOT}/Target Support Files/Pods-SmackChat/Pods-SmackChat-frameworks.sh\"\n";
			showEnvVarsInLog = 0;
		};
		658ADE9345DABF2F6DA6F934 /* [CP] Check Pods Manifest.lock */ = {
			isa = PBXShellScriptBuildPhase;
			buildActionMask = 2147483647;
			files = (
			);
			inputFileListPaths = (
			);
			inputPaths = (
				"${PODS_PODFILE_DIR_PATH}/Podfile.lock",
				"${PODS_ROOT}/Manifest.lock",
			);
			name = "[CP] Check Pods Manifest.lock";
			outputFileListPaths = (
			);
			outputPaths = (
				"$(DERIVED_FILE_DIR)/Pods-SmackChat-checkManifestLockResult.txt",
			);
			runOnlyForDeploymentPostprocessing = 0;
			shellPath = /bin/sh;
			shellScript = "diff \"${PODS_PODFILE_DIR_PATH}/Podfile.lock\" \"${PODS_ROOT}/Manifest.lock\" > /dev/null\nif [ $? != 0 ] ; then\n    # print error to STDERR\n    echo \"error: The sandbox is not in sync with the Podfile.lock. Run 'pod install' or update your CocoaPods installation.\" >&2\n    exit 1\nfi\n# This output is used by Xcode 'outputs' to avoid re-running this script phase.\necho \"SUCCESS\" > \"${SCRIPT_OUTPUT_FILE_0}\"\n";
			showEnvVarsInLog = 0;
		};
/* End PBXShellScriptBuildPhase section */

/* Begin PBXSourcesBuildPhase section */
		3063F99224AFC1AD007D12B8 /* Sources */ = {
			isa = PBXSourcesBuildPhase;
			buildActionMask = 2147483647;
			files = (
				3089B16924B0BC6000E86E80 /* GradientRearView.swift in Sources */,
				3089B16524B0AA0600E86E80 /* ChatVC.swift in Sources */,
				3089B37E24B1FB4000E86E80 /* LoginVC.swift in Sources */,
				3063F99A24AFC1AD007D12B8 /* AppDelegate.swift in Sources */,
				3063F99C24AFC1AD007D12B8 /* SceneDelegate.swift in Sources */,
				3089B38024B1FDC500E86E80 /* CreateAccountVC.swift in Sources */,
				3089B16C24B1F50D00E86E80 /* Constants.swift in Sources */,
				3089B16024B0A6FD00E86E80 /* SWRevealViewController.m in Sources */,
				3089B16724B0AA1600E86E80 /* ChannelVC.swift in Sources */,
			);
			runOnlyForDeploymentPostprocessing = 0;
		};
/* End PBXSourcesBuildPhase section */

/* Begin PBXVariantGroup section */
		3063F99F24AFC1AD007D12B8 /* Main.storyboard */ = {
			isa = PBXVariantGroup;
			children = (
				3063F9A024AFC1AD007D12B8 /* Base */,
			);
			name = Main.storyboard;
			sourceTree = "<group>";
		};
		3063F9A424AFC1B0007D12B8 /* LaunchScreen.storyboard */ = {
			isa = PBXVariantGroup;
			children = (
				3063F9A524AFC1B0007D12B8 /* Base */,
			);
			name = LaunchScreen.storyboard;
			sourceTree = "<group>";
		};
/* End PBXVariantGroup section */

/* Begin XCBuildConfiguration section */
		3063F9A824AFC1B0007D12B8 /* Debug */ = {
			isa = XCBuildConfiguration;
			buildSettings = {
				ALWAYS_SEARCH_USER_PATHS = NO;
				CLANG_ANALYZER_NONNULL = YES;
				CLANG_ANALYZER_NUMBER_OBJECT_CONVERSION = YES_AGGRESSIVE;
				CLANG_CXX_LANGUAGE_STANDARD = "gnu++14";
				CLANG_CXX_LIBRARY = "libc++";
				CLANG_ENABLE_MODULES = YES;
				CLANG_ENABLE_OBJC_ARC = YES;
				CLANG_ENABLE_OBJC_WEAK = YES;
				CLANG_WARN_BLOCK_CAPTURE_AUTORELEASING = YES;
				CLANG_WARN_BOOL_CONVERSION = YES;
				CLANG_WARN_COMMA = YES;
				CLANG_WARN_CONSTANT_CONVERSION = YES;
				CLANG_WARN_DEPRECATED_OBJC_IMPLEMENTATIONS = YES;
				CLANG_WARN_DIRECT_OBJC_ISA_USAGE = YES_ERROR;
				CLANG_WARN_DOCUMENTATION_COMMENTS = YES;
				CLANG_WARN_EMPTY_BODY = YES;
				CLANG_WARN_ENUM_CONVERSION = YES;
				CLANG_WARN_INFINITE_RECURSION = YES;
				CLANG_WARN_INT_CONVERSION = YES;
				CLANG_WARN_NON_LITERAL_NULL_CONVERSION = YES;
				CLANG_WARN_OBJC_IMPLICIT_RETAIN_SELF = YES;
				CLANG_WARN_OBJC_LITERAL_CONVERSION = YES;
				CLANG_WARN_OBJC_ROOT_CLASS = YES_ERROR;
				CLANG_WARN_RANGE_LOOP_ANALYSIS = YES;
				CLANG_WARN_STRICT_PROTOTYPES = YES;
				CLANG_WARN_SUSPICIOUS_MOVE = YES;
				CLANG_WARN_UNGUARDED_AVAILABILITY = YES_AGGRESSIVE;
				CLANG_WARN_UNREACHABLE_CODE = YES;
				CLANG_WARN__DUPLICATE_METHOD_MATCH = YES;
				COPY_PHASE_STRIP = NO;
				DEBUG_INFORMATION_FORMAT = dwarf;
				ENABLE_STRICT_OBJC_MSGSEND = YES;
				ENABLE_TESTABILITY = YES;
				GCC_C_LANGUAGE_STANDARD = gnu11;
				GCC_DYNAMIC_NO_PIC = NO;
				GCC_NO_COMMON_BLOCKS = YES;
				GCC_OPTIMIZATION_LEVEL = 0;
				GCC_PREPROCESSOR_DEFINITIONS = (
					"DEBUG=1",
					"$(inherited)",
				);
				GCC_WARN_64_TO_32_BIT_CONVERSION = YES;
				GCC_WARN_ABOUT_RETURN_TYPE = YES_ERROR;
				GCC_WARN_UNDECLARED_SELECTOR = YES;
				GCC_WARN_UNINITIALIZED_AUTOS = YES_AGGRESSIVE;
				GCC_WARN_UNUSED_FUNCTION = YES;
				GCC_WARN_UNUSED_VARIABLE = YES;
				IPHONEOS_DEPLOYMENT_TARGET = 13.5;
				MTL_ENABLE_DEBUG_INFO = INCLUDE_SOURCE;
				MTL_FAST_MATH = YES;
				ONLY_ACTIVE_ARCH = YES;
				SDKROOT = iphoneos;
				SWIFT_ACTIVE_COMPILATION_CONDITIONS = DEBUG;
				SWIFT_OPTIMIZATION_LEVEL = "-Onone";
			};
			name = Debug;
		};
		3063F9A924AFC1B0007D12B8 /* Release */ = {
			isa = XCBuildConfiguration;
			buildSettings = {
				ALWAYS_SEARCH_USER_PATHS = NO;
				CLANG_ANALYZER_NONNULL = YES;
				CLANG_ANALYZER_NUMBER_OBJECT_CONVERSION = YES_AGGRESSIVE;
				CLANG_CXX_LANGUAGE_STANDARD = "gnu++14";
				CLANG_CXX_LIBRARY = "libc++";
				CLANG_ENABLE_MODULES = YES;
				CLANG_ENABLE_OBJC_ARC = YES;
				CLANG_ENABLE_OBJC_WEAK = YES;
				CLANG_WARN_BLOCK_CAPTURE_AUTORELEASING = YES;
				CLANG_WARN_BOOL_CONVERSION = YES;
				CLANG_WARN_COMMA = YES;
				CLANG_WARN_CONSTANT_CONVERSION = YES;
				CLANG_WARN_DEPRECATED_OBJC_IMPLEMENTATIONS = YES;
				CLANG_WARN_DIRECT_OBJC_ISA_USAGE = YES_ERROR;
				CLANG_WARN_DOCUMENTATION_COMMENTS = YES;
				CLANG_WARN_EMPTY_BODY = YES;
				CLANG_WARN_ENUM_CONVERSION = YES;
				CLANG_WARN_INFINITE_RECURSION = YES;
				CLANG_WARN_INT_CONVERSION = YES;
				CLANG_WARN_NON_LITERAL_NULL_CONVERSION = YES;
				CLANG_WARN_OBJC_IMPLICIT_RETAIN_SELF = YES;
				CLANG_WARN_OBJC_LITERAL_CONVERSION = YES;
				CLANG_WARN_OBJC_ROOT_CLASS = YES_ERROR;
				CLANG_WARN_RANGE_LOOP_ANALYSIS = YES;
				CLANG_WARN_STRICT_PROTOTYPES = YES;
				CLANG_WARN_SUSPICIOUS_MOVE = YES;
				CLANG_WARN_UNGUARDED_AVAILABILITY = YES_AGGRESSIVE;
				CLANG_WARN_UNREACHABLE_CODE = YES;
				CLANG_WARN__DUPLICATE_METHOD_MATCH = YES;
				COPY_PHASE_STRIP = NO;
				DEBUG_INFORMATION_FORMAT = "dwarf-with-dsym";
				ENABLE_NS_ASSERTIONS = NO;
				ENABLE_STRICT_OBJC_MSGSEND = YES;
				GCC_C_LANGUAGE_STANDARD = gnu11;
				GCC_NO_COMMON_BLOCKS = YES;
				GCC_WARN_64_TO_32_BIT_CONVERSION = YES;
				GCC_WARN_ABOUT_RETURN_TYPE = YES_ERROR;
				GCC_WARN_UNDECLARED_SELECTOR = YES;
				GCC_WARN_UNINITIALIZED_AUTOS = YES_AGGRESSIVE;
				GCC_WARN_UNUSED_FUNCTION = YES;
				GCC_WARN_UNUSED_VARIABLE = YES;
				IPHONEOS_DEPLOYMENT_TARGET = 13.5;
				MTL_ENABLE_DEBUG_INFO = NO;
				MTL_FAST_MATH = YES;
				SDKROOT = iphoneos;
				SWIFT_COMPILATION_MODE = wholemodule;
				SWIFT_OPTIMIZATION_LEVEL = "-O";
				VALIDATE_PRODUCT = YES;
			};
			name = Release;
		};
		3063F9AB24AFC1B0007D12B8 /* Debug */ = {
			isa = XCBuildConfiguration;
			baseConfigurationReference = 272AEA3722B7705D772AC1EB /* Pods-SmackChat.debug.xcconfig */;
			buildSettings = {
				ASSETCATALOG_COMPILER_APPICON_NAME = AppIcon;
				CLANG_ENABLE_MODULES = YES;
				CODE_SIGN_STYLE = Automatic;
				DEVELOPMENT_TEAM = J59BKJGZ6C;
				INFOPLIST_FILE = SmackChat/Info.plist;
				LD_RUNPATH_SEARCH_PATHS = (
					"$(inherited)",
					"@executable_path/Frameworks",
				);
				PRODUCT_BUNDLE_IDENTIFIER = TuzCorp.SmackChat;
				PRODUCT_NAME = "$(TARGET_NAME)";
				SWIFT_OBJC_BRIDGING_HEADER = "SmackChat/Supporting Files/SmackChat-Bridging-Header.h";
				SWIFT_OPTIMIZATION_LEVEL = "-Onone";
				SWIFT_VERSION = 5.0;
				TARGETED_DEVICE_FAMILY = "1,2";
			};
			name = Debug;
		};
		3063F9AC24AFC1B0007D12B8 /* Release */ = {
			isa = XCBuildConfiguration;
			baseConfigurationReference = 9587A6F9611A41F61E9A1A05 /* Pods-SmackChat.release.xcconfig */;
			buildSettings = {
				ASSETCATALOG_COMPILER_APPICON_NAME = AppIcon;
				CLANG_ENABLE_MODULES = YES;
				CODE_SIGN_STYLE = Automatic;
				DEVELOPMENT_TEAM = J59BKJGZ6C;
				INFOPLIST_FILE = SmackChat/Info.plist;
				LD_RUNPATH_SEARCH_PATHS = (
					"$(inherited)",
					"@executable_path/Frameworks",
				);
				PRODUCT_BUNDLE_IDENTIFIER = TuzCorp.SmackChat;
				PRODUCT_NAME = "$(TARGET_NAME)";
				SWIFT_OBJC_BRIDGING_HEADER = "SmackChat/Supporting Files/SmackChat-Bridging-Header.h";
				SWIFT_VERSION = 5.0;
				TARGETED_DEVICE_FAMILY = "1,2";
			};
			name = Release;
		};
/* End XCBuildConfiguration section */

/* Begin XCConfigurationList section */
		3063F99124AFC1AD007D12B8 /* Build configuration list for PBXProject "SmackChat" */ = {
			isa = XCConfigurationList;
			buildConfigurations = (
				3063F9A824AFC1B0007D12B8 /* Debug */,
				3063F9A924AFC1B0007D12B8 /* Release */,
			);
			defaultConfigurationIsVisible = 0;
			defaultConfigurationName = Release;
		};
		3063F9AA24AFC1B0007D12B8 /* Build configuration list for PBXNativeTarget "SmackChat" */ = {
			isa = XCConfigurationList;
			buildConfigurations = (
				3063F9AB24AFC1B0007D12B8 /* Debug */,
				3063F9AC24AFC1B0007D12B8 /* Release */,
			);
			defaultConfigurationIsVisible = 0;
			defaultConfigurationName = Release;
		};
/* End XCConfigurationList section */
	};
	rootObject = 3063F98E24AFC1AD007D12B8 /* Project object */;
}
